# THIS IS AN AUTOGENERATED FILE. DO NOT EDIT THIS FILE DIRECTLY.
# yarn lockfile v1


"@esbuild/android-arm64@0.16.17":
  version "0.16.17"
  resolved "https://registry.npmmirror.com/@esbuild/android-arm64/-/android-arm64-0.16.17.tgz#cf91e86df127aa3d141744edafcba0abdc577d23"
  integrity sha512-MIGl6p5sc3RDTLLkYL1MyL8BMRN4tLMRCn+yRJJmEDvYZ2M7tmAf80hx1kbNEUX2KJ50RRtxZ4JHLvCfuB6kBg==

"@esbuild/android-arm@0.16.17":
  version "0.16.17"
  resolved "https://registry.npmmirror.com/@esbuild/android-arm/-/android-arm-0.16.17.tgz#025b6246d3f68b7bbaa97069144fb5fb70f2fff2"
  integrity sha512-N9x1CMXVhtWEAMS7pNNONyA14f71VPQN9Cnavj1XQh6T7bskqiLLrSca4O0Vr8Wdcga943eThxnVp3JLnBMYtw==

"@esbuild/android-x64@0.16.17":
  version "0.16.17"
  resolved "https://registry.npmmirror.com/@esbuild/android-x64/-/android-x64-0.16.17.tgz#c820e0fef982f99a85c4b8bfdd582835f04cd96e"
  integrity sha512-a3kTv3m0Ghh4z1DaFEuEDfz3OLONKuFvI4Xqczqx4BqLyuFaFkuaG4j2MtA6fuWEFeC5x9IvqnX7drmRq/fyAQ==

"@esbuild/darwin-arm64@0.16.17":
  version "0.16.17"
  resolved "https://registry.npmmirror.com/@esbuild/darwin-arm64/-/darwin-arm64-0.16.17.tgz#edef4487af6b21afabba7be5132c26d22379b220"
  integrity sha512-/2agbUEfmxWHi9ARTX6OQ/KgXnOWfsNlTeLcoV7HSuSTv63E4DqtAc+2XqGw1KHxKMHGZgbVCZge7HXWX9Vn+w==

"@esbuild/darwin-x64@0.16.17":
  version "0.16.17"
  resolved "https://registry.npmmirror.com/@esbuild/darwin-x64/-/darwin-x64-0.16.17.tgz#42829168730071c41ef0d028d8319eea0e2904b4"
  integrity sha512-2By45OBHulkd9Svy5IOCZt376Aa2oOkiE9QWUK9fe6Tb+WDr8hXL3dpqi+DeLiMed8tVXspzsTAvd0jUl96wmg==

"@esbuild/freebsd-arm64@0.16.17":
  version "0.16.17"
  resolved "https://registry.npmmirror.com/@esbuild/freebsd-arm64/-/freebsd-arm64-0.16.17.tgz#1f4af488bfc7e9ced04207034d398e793b570a27"
  integrity sha512-mt+cxZe1tVx489VTb4mBAOo2aKSnJ33L9fr25JXpqQqzbUIw/yzIzi+NHwAXK2qYV1lEFp4OoVeThGjUbmWmdw==

"@esbuild/freebsd-x64@0.16.17":
  version "0.16.17"
  resolved "https://registry.npmmirror.com/@esbuild/freebsd-x64/-/freebsd-x64-0.16.17.tgz#636306f19e9bc981e06aa1d777302dad8fddaf72"
  integrity sha512-8ScTdNJl5idAKjH8zGAsN7RuWcyHG3BAvMNpKOBaqqR7EbUhhVHOqXRdL7oZvz8WNHL2pr5+eIT5c65kA6NHug==

"@esbuild/linux-arm64@0.16.17":
  version "0.16.17"
  resolved "https://registry.npmmirror.com/@esbuild/linux-arm64/-/linux-arm64-0.16.17.tgz#a003f7ff237c501e095d4f3a09e58fc7b25a4aca"
  integrity sha512-7S8gJnSlqKGVJunnMCrXHU9Q8Q/tQIxk/xL8BqAP64wchPCTzuM6W3Ra8cIa1HIflAvDnNOt2jaL17vaW+1V0g==

"@esbuild/linux-arm@0.16.17":
  version "0.16.17"
  resolved "https://registry.npmmirror.com/@esbuild/linux-arm/-/linux-arm-0.16.17.tgz#b591e6a59d9c4fe0eeadd4874b157ab78cf5f196"
  integrity sha512-iihzrWbD4gIT7j3caMzKb/RsFFHCwqqbrbH9SqUSRrdXkXaygSZCZg1FybsZz57Ju7N/SHEgPyaR0LZ8Zbe9gQ==

"@esbuild/linux-ia32@0.16.17":
  version "0.16.17"
  resolved "https://registry.npmmirror.com/@esbuild/linux-ia32/-/linux-ia32-0.16.17.tgz#24333a11027ef46a18f57019450a5188918e2a54"
  integrity sha512-kiX69+wcPAdgl3Lonh1VI7MBr16nktEvOfViszBSxygRQqSpzv7BffMKRPMFwzeJGPxcio0pdD3kYQGpqQ2SSg==

"@esbuild/linux-loong64@0.16.17":
  version "0.16.17"
  resolved "https://registry.npmmirror.com/@esbuild/linux-loong64/-/linux-loong64-0.16.17.tgz#d5ad459d41ed42bbd4d005256b31882ec52227d8"
  integrity sha512-dTzNnQwembNDhd654cA4QhbS9uDdXC3TKqMJjgOWsC0yNCbpzfWoXdZvp0mY7HU6nzk5E0zpRGGx3qoQg8T2DQ==

"@esbuild/linux-mips64el@0.16.17":
  version "0.16.17"
  resolved "https://registry.npmmirror.com/@esbuild/linux-mips64el/-/linux-mips64el-0.16.17.tgz#4e5967a665c38360b0a8205594377d4dcf9c3726"
  integrity sha512-ezbDkp2nDl0PfIUn0CsQ30kxfcLTlcx4Foz2kYv8qdC6ia2oX5Q3E/8m6lq84Dj/6b0FrkgD582fJMIfHhJfSw==

"@esbuild/linux-ppc64@0.16.17":
  version "0.16.17"
  resolved "https://registry.npmmirror.com/@esbuild/linux-ppc64/-/linux-ppc64-0.16.17.tgz#206443a02eb568f9fdf0b438fbd47d26e735afc8"
  integrity sha512-dzS678gYD1lJsW73zrFhDApLVdM3cUF2MvAa1D8K8KtcSKdLBPP4zZSLy6LFZ0jYqQdQ29bjAHJDgz0rVbLB3g==

"@esbuild/linux-riscv64@0.16.17":
  version "0.16.17"
  resolved "https://registry.npmmirror.com/@esbuild/linux-riscv64/-/linux-riscv64-0.16.17.tgz#c351e433d009bf256e798ad048152c8d76da2fc9"
  integrity sha512-ylNlVsxuFjZK8DQtNUwiMskh6nT0vI7kYl/4fZgV1llP5d6+HIeL/vmmm3jpuoo8+NuXjQVZxmKuhDApK0/cKw==

"@esbuild/linux-s390x@0.16.17":
  version "0.16.17"
  resolved "https://registry.npmmirror.com/@esbuild/linux-s390x/-/linux-s390x-0.16.17.tgz#661f271e5d59615b84b6801d1c2123ad13d9bd87"
  integrity sha512-gzy7nUTO4UA4oZ2wAMXPNBGTzZFP7mss3aKR2hH+/4UUkCOyqmjXiKpzGrY2TlEUhbbejzXVKKGazYcQTZWA/w==

"@esbuild/linux-x64@0.16.17":
  version "0.16.17"
  resolved "https://registry.npmmirror.com/@esbuild/linux-x64/-/linux-x64-0.16.17.tgz#e4ba18e8b149a89c982351443a377c723762b85f"
  integrity sha512-mdPjPxfnmoqhgpiEArqi4egmBAMYvaObgn4poorpUaqmvzzbvqbowRllQ+ZgzGVMGKaPkqUmPDOOFQRUFDmeUw==

"@esbuild/netbsd-x64@0.16.17":
  version "0.16.17"
  resolved "https://registry.npmmirror.com/@esbuild/netbsd-x64/-/netbsd-x64-0.16.17.tgz#7d4f4041e30c5c07dd24ffa295c73f06038ec775"
  integrity sha512-/PzmzD/zyAeTUsduZa32bn0ORug+Jd1EGGAUJvqfeixoEISYpGnAezN6lnJoskauoai0Jrs+XSyvDhppCPoKOA==

"@esbuild/openbsd-x64@0.16.17":
  version "0.16.17"
  resolved "https://registry.npmmirror.com/@esbuild/openbsd-x64/-/openbsd-x64-0.16.17.tgz#970fa7f8470681f3e6b1db0cc421a4af8060ec35"
  integrity sha512-2yaWJhvxGEz2RiftSk0UObqJa/b+rIAjnODJgv2GbGGpRwAfpgzyrg1WLK8rqA24mfZa9GvpjLcBBg8JHkoodg==

"@esbuild/sunos-x64@0.16.17":
  version "0.16.17"
  resolved "https://registry.npmmirror.com/@esbuild/sunos-x64/-/sunos-x64-0.16.17.tgz#abc60e7c4abf8b89fb7a4fe69a1484132238022c"
  integrity sha512-xtVUiev38tN0R3g8VhRfN7Zl42YCJvyBhRKw1RJjwE1d2emWTVToPLNEQj/5Qxc6lVFATDiy6LjVHYhIPrLxzw==

"@esbuild/win32-arm64@0.16.17":
  version "0.16.17"
  resolved "https://registry.npmmirror.com/@esbuild/win32-arm64/-/win32-arm64-0.16.17.tgz#7b0ff9e8c3265537a7a7b1fd9a24e7bd39fcd87a"
  integrity sha512-ga8+JqBDHY4b6fQAmOgtJJue36scANy4l/rL97W+0wYmijhxKetzZdKOJI7olaBaMhWt8Pac2McJdZLxXWUEQw==

"@esbuild/win32-ia32@0.16.17":
  version "0.16.17"
  resolved "https://registry.npmmirror.com/@esbuild/win32-ia32/-/win32-ia32-0.16.17.tgz#e90fe5267d71a7b7567afdc403dfd198c292eb09"
  integrity sha512-WnsKaf46uSSF/sZhwnqE4L/F89AYNMiD4YtEcYekBt9Q7nj0DiId2XH2Ng2PHM54qi5oPrQ8luuzGszqi/veig==

"@esbuild/win32-x64@0.16.17":
  version "0.16.17"
  resolved "https://registry.npmmirror.com/@esbuild/win32-x64/-/win32-x64-0.16.17.tgz#c5a1a4bfe1b57f0c3e61b29883525c6da3e5c091"
  integrity sha512-y+EHuSchhL7FjHgvQL/0fnnFmO4T1bhvWANX6gcnqTjtnKWbTvUMCpGnv2+t+31d7RzyEAYAd4u2fnIhHL6N/Q==

"@jridgewell/sourcemap-codec@^1.4.13":
  version "1.4.14"
  resolved "https://registry.npmmirror.com/@jridgewell/sourcemap-codec/-/sourcemap-codec-1.4.14.tgz#add4c98d341472a289190b424efbdb096991bb24"
  integrity sha512-XPSJHWmi394fuUuzDnGz1wiKqWfo1yXecHQMRf2l6hztTO+nPru658AyDngaBe7isIxEkRsPR3FZh+s7iVa4Uw==

"@material/animation@^14.0.0":
  version "14.0.0"
  resolved "https://registry.npmmirror.com/@material/animation/-/animation-14.0.0.tgz#f23fbe38deb6a48829dcdb0b7580017a4217e94b"
  integrity sha512-VlYSfUaIj/BBVtRZI8Gv0VvzikFf+XgK0Zdgsok5c1v5DDnNz5tpB8mnGrveWz0rHbp1X4+CWLKrTwNmjrw3Xw==
  dependencies:
    tslib "^2.1.0"

"@material/base@^14.0.0":
  version "14.0.0"
  resolved "https://registry.npmmirror.com/@material/base/-/base-14.0.0.tgz#022debef6762764dbe1056eb1bcffca6b354883c"
  integrity sha512-Ou7vS7n1H4Y10MUZyYAbt6H0t67c6urxoCgeVT7M38aQlaNUwFMODp7KT/myjYz2YULfhu3PtfSV3Sltgac9mA==
  dependencies:
    tslib "^2.1.0"

"@material/button@^14.0.0":
  version "14.0.0"
  resolved "https://registry.npmmirror.com/@material/button/-/button-14.0.0.tgz#444402b5c1e31c3b63110fa640985a01102c0675"
  integrity sha512-dqqHaJq0peyXBZupFzCjmvScrfljyVU66ZCS3oldsaaj5iz8sn33I/45Z4zPzdR5F5z8ExToHkRcXhakj1UEAA==
  dependencies:
    "@material/density" "^14.0.0"
    "@material/dom" "^14.0.0"
    "@material/elevation" "^14.0.0"
    "@material/feature-targeting" "^14.0.0"
    "@material/focus-ring" "^14.0.0"
    "@material/ripple" "^14.0.0"
    "@material/rtl" "^14.0.0"
    "@material/shape" "^14.0.0"
    "@material/theme" "^14.0.0"
    "@material/tokens" "^14.0.0"
    "@material/touch-target" "^14.0.0"
    "@material/typography" "^14.0.0"
    tslib "^2.1.0"

"@material/density@^14.0.0":
  version "14.0.0"
  resolved "https://registry.npmmirror.com/@material/density/-/density-14.0.0.tgz#584c4f3468c86c96e361ebe7ba6723f4aa6cd548"
  integrity sha512-NlxXBV5XjNsKd8UXF4K/+fOXLxoFNecKbsaQO6O2u+iG8QBfFreKRmkhEBb2hPPwC3w8nrODwXX0lHV+toICQw==
  dependencies:
    tslib "^2.1.0"

"@material/dialog@^14.0.0":
  version "14.0.0"
  resolved "https://registry.npmmirror.com/@material/dialog/-/dialog-14.0.0.tgz#d24d1c1441de343c6615bbc5dfedb068f7e86c05"
  integrity sha512-E07NEE4jP8jHaw/y2Il2R1a3f4wDFh2sgfCBtRO/Xh0xxJUMuQ7YXo/F3SAA8jfMbbkUv/PHdJUM3I3HmI9mAA==
  dependencies:
    "@material/animation" "^14.0.0"
    "@material/base" "^14.0.0"
    "@material/button" "^14.0.0"
    "@material/dom" "^14.0.0"
    "@material/elevation" "^14.0.0"
    "@material/feature-targeting" "^14.0.0"
    "@material/icon-button" "^14.0.0"
    "@material/ripple" "^14.0.0"
    "@material/rtl" "^14.0.0"
    "@material/shape" "^14.0.0"
    "@material/theme" "^14.0.0"
    "@material/tokens" "^14.0.0"
    "@material/touch-target" "^14.0.0"
    "@material/typography" "^14.0.0"
    tslib "^2.1.0"

"@material/dom@^14.0.0":
  version "14.0.0"
  resolved "https://registry.npmmirror.com/@material/dom/-/dom-14.0.0.tgz#dad6908ea26f7cb21b1078f58ec04bd897c615c4"
  integrity sha512-8t88XyacclTj8qsIw9q0vEj4PI2KVncLoIsIMzwuMx49P2FZg6TsLjor262MI3Qs00UWAifuLMrhnOnfyrbe7Q==
  dependencies:
    "@material/feature-targeting" "^14.0.0"
    tslib "^2.1.0"

"@material/elevation@^14.0.0":
  version "14.0.0"
  resolved "https://registry.npmmirror.com/@material/elevation/-/elevation-14.0.0.tgz#82018c3f0856ff5057d9f80df43db27b1e19a52b"
  integrity sha512-Di3tkxTpXwvf1GJUmaC8rd+zVh5dB2SWMBGagL4+kT8UmjSISif/OPRGuGnXs3QhF6nmEjkdC0ijdZLcYQkepw==
  dependencies:
    "@material/animation" "^14.0.0"
    "@material/base" "^14.0.0"
    "@material/feature-targeting" "^14.0.0"
    "@material/rtl" "^14.0.0"
    "@material/theme" "^14.0.0"
    tslib "^2.1.0"

"@material/fab@^14.0.0":
  version "14.0.0"
  resolved "https://registry.npmmirror.com/@material/fab/-/fab-14.0.0.tgz#9561178ff593157ad07a0841c6e213a06d6fe6ce"
  integrity sha512-s4rrw2TLU8ITKopHSTEHuJEFsGEZsb+ijwW16pQt0h9GArxPGaALT+CCJIPjf75D3wPEEMW0vnLj7oMoII2VFg==
  dependencies:
    "@material/animation" "^14.0.0"
    "@material/dom" "^14.0.0"
    "@material/elevation" "^14.0.0"
    "@material/feature-targeting" "^14.0.0"
    "@material/focus-ring" "^14.0.0"
    "@material/ripple" "^14.0.0"
    "@material/rtl" "^14.0.0"
    "@material/shape" "^14.0.0"
    "@material/theme" "^14.0.0"
    "@material/tokens" "^14.0.0"
    "@material/touch-target" "^14.0.0"
    "@material/typography" "^14.0.0"
    tslib "^2.1.0"

"@material/feature-targeting@^14.0.0":
  version "14.0.0"
  resolved "https://registry.npmmirror.com/@material/feature-targeting/-/feature-targeting-14.0.0.tgz#a6a878ae2be1f88d31b0bb95f05dbf5d486c4b3e"
  integrity sha512-a5WGgHEq5lJeeNL5yevtgoZjBjXWy6+klfVWQEh8oyix/rMJygGgO7gEc52uv8fB8uAIoYEB3iBMOv8jRq8FeA==
  dependencies:
    tslib "^2.1.0"

"@material/floating-label@^14.0.0":
  version "14.0.0"
  resolved "https://registry.npmmirror.com/@material/floating-label/-/floating-label-14.0.0.tgz#9314f26798090d806f3772360bd694cba19443ce"
  integrity sha512-Aq8BboP1sbNnOtsV72AfaYirHyOrQ/GKFoLrZ1Jt+ZGIAuXPETcj9z7nQDznst0ZeKcz420PxNn9tsybTbeL/Q==
  dependencies:
    "@material/animation" "^14.0.0"
    "@material/base" "^14.0.0"
    "@material/dom" "^14.0.0"
    "@material/feature-targeting" "^14.0.0"
    "@material/rtl" "^14.0.0"
    "@material/theme" "^14.0.0"
    "@material/typography" "^14.0.0"
    tslib "^2.1.0"

"@material/focus-ring@^14.0.0":
  version "14.0.0"
  resolved "https://registry.npmmirror.com/@material/focus-ring/-/focus-ring-14.0.0.tgz#946c27f9f724e9560b6919676b4be166cfab539b"
  integrity sha512-fqqka6iSfQGJG3Le48RxPCtnOiaLGPDPikhktGbxlyW9srBVMgeCiONfHM7IT/1eu80O0Y67Lh/4ohu5+C+VAQ==
  dependencies:
    "@material/dom" "^14.0.0"
    "@material/feature-targeting" "^14.0.0"
    "@material/rtl" "^14.0.0"

"@material/icon-button@^14.0.0":
  version "14.0.0"
  resolved "https://registry.npmmirror.com/@material/icon-button/-/icon-button-14.0.0.tgz#cdfc7e7b967abe81d537fd7db916c9113c3a09b7"
  integrity sha512-wHMqzm7Q/UwbWLoWv32Li1r2iVYxadIrwTNxT0+p+7NdfI3lEwMN3NoB0CvoJnHTljjXDzce0KJ3nZloa0P0gA==
  dependencies:
    "@material/base" "^14.0.0"
    "@material/density" "^14.0.0"
    "@material/dom" "^14.0.0"
    "@material/elevation" "^14.0.0"
    "@material/feature-targeting" "^14.0.0"
    "@material/focus-ring" "^14.0.0"
    "@material/ripple" "^14.0.0"
    "@material/rtl" "^14.0.0"
    "@material/theme" "^14.0.0"
    "@material/touch-target" "^14.0.0"
    tslib "^2.1.0"

"@material/line-ripple@^14.0.0":
  version "14.0.0"
  resolved "https://registry.npmmirror.com/@material/line-ripple/-/line-ripple-14.0.0.tgz#460e972dd99d119b97d3ee4b7a73bc1d199abfad"
  integrity sha512-Rx9eSnfp3FcsNz4O+fobNNq2PSm5tYHC3hRpY2ZK3ghTvgp3Y40/soaGEi/Vdg0F7jJXRaBSNOe6p5t9CVfy8Q==
  dependencies:
    "@material/animation" "^14.0.0"
    "@material/base" "^14.0.0"
    "@material/feature-targeting" "^14.0.0"
    "@material/theme" "^14.0.0"
    tslib "^2.1.0"

"@material/notched-outline@^14.0.0":
  version "14.0.0"
  resolved "https://registry.npmmirror.com/@material/notched-outline/-/notched-outline-14.0.0.tgz#b315e2cfaf8226c557f253362ea4167f87a241ce"
  integrity sha512-6S58DlWmhCDr4RQF2RuwqANxlmLdHtWy2mF4JQLD9WOiCg4qY9eCQnMXu3Tbhr7f/nOZ0vzc7AtA3vfJoZmCSw==
  dependencies:
    "@material/base" "^14.0.0"
    "@material/feature-targeting" "^14.0.0"
    "@material/floating-label" "^14.0.0"
    "@material/rtl" "^14.0.0"
    "@material/shape" "^14.0.0"
    "@material/theme" "^14.0.0"
    tslib "^2.1.0"

"@material/radio@^14.0.0":
  version "14.0.0"
  resolved "https://registry.npmmirror.com/@material/radio/-/radio-14.0.0.tgz#d80ccde907dd49733f48819a44c699a4472ea59b"
  integrity sha512-VwPOi5fAoZXL3RhQJ6iDWTR34L6JXlwd5VXli8ZhzNHnUzcmpMODrRhGVew4Z5uuNj6/n2Jbn1zcS9XmmqjssA==
  dependencies:
    "@material/animation" "^14.0.0"
    "@material/base" "^14.0.0"
    "@material/density" "^14.0.0"
    "@material/dom" "^14.0.0"
    "@material/feature-targeting" "^14.0.0"
    "@material/focus-ring" "^14.0.0"
    "@material/ripple" "^14.0.0"
    "@material/theme" "^14.0.0"
    "@material/touch-target" "^14.0.0"
    tslib "^2.1.0"

"@material/ripple@^14.0.0":
  version "14.0.0"
  resolved "https://registry.npmmirror.com/@material/ripple/-/ripple-14.0.0.tgz#4a6b3639197f39d78be967b46195007aedf06652"
  integrity sha512-9XoGBFd5JhFgELgW7pqtiLy+CnCIcV2s9cQ2BWbOQeA8faX9UZIDUx/g76nHLZ7UzKFtsULJxZTwORmsEt2zvw==
  dependencies:
    "@material/animation" "^14.0.0"
    "@material/base" "^14.0.0"
    "@material/dom" "^14.0.0"
    "@material/feature-targeting" "^14.0.0"
    "@material/rtl" "^14.0.0"
    "@material/theme" "^14.0.0"
    tslib "^2.1.0"

"@material/rtl@^14.0.0":
  version "14.0.0"
  resolved "https://registry.npmmirror.com/@material/rtl/-/rtl-14.0.0.tgz#6be5adf56dcbab0d4a7dabd9ab724fbcc5c63d6b"
  integrity sha512-xl6OZYyRjuiW2hmbjV2omMV8sQtfmKAjeWnD1RMiAPLCTyOW9Lh/PYYnXjxUrNa0cRwIIbOn5J7OYXokja8puA==
  dependencies:
    "@material/theme" "^14.0.0"
    tslib "^2.1.0"

"@material/shape@^14.0.0":
  version "14.0.0"
  resolved "https://registry.npmmirror.com/@material/shape/-/shape-14.0.0.tgz#b58f39d743394c2ff7c57f0f004f0aabade2779e"
  integrity sha512-o0mJB0+feOv473KckI8gFnUo8IQAaEA6ynXzw3VIYFjPi48pJwrxa0mZcJP/OoTXrCbDzDeFJfDPXEmRioBb9A==
  dependencies:
    "@material/feature-targeting" "^14.0.0"
    "@material/rtl" "^14.0.0"
    "@material/theme" "^14.0.0"
    tslib "^2.1.0"

"@material/snackbar@^14.0.0":
  version "14.0.0"
  resolved "https://registry.npmmirror.com/@material/snackbar/-/snackbar-14.0.0.tgz#eebea965d2090d27e290c3a1497d9fcd89ddc968"
  integrity sha512-28uQBj9bw7BalNarK9j8/aVW4Ys5aRaGHoWH+CeYvAjqQUJkrYoqM52aiKhBwqrjBPMJHk1aXthe3YbzMBm6vA==
  dependencies:
    "@material/animation" "^14.0.0"
    "@material/base" "^14.0.0"
    "@material/button" "^14.0.0"
    "@material/dom" "^14.0.0"
    "@material/elevation" "^14.0.0"
    "@material/feature-targeting" "^14.0.0"
    "@material/icon-button" "^14.0.0"
    "@material/ripple" "^14.0.0"
    "@material/rtl" "^14.0.0"
    "@material/shape" "^14.0.0"
    "@material/theme" "^14.0.0"
    "@material/typography" "^14.0.0"
    tslib "^2.1.0"

"@material/textfield@^14.0.0":
  version "14.0.0"
  resolved "https://registry.npmmirror.com/@material/textfield/-/textfield-14.0.0.tgz#8ce939ef38a083104e4585b8ebf25c840c1c40b6"
  integrity sha512-HGbtAlvlIB2vWBq85yw5wQeeP3Kndl6Z0TJzQ6piVtcfdl2mPyWhuuVHQRRAOis3rCIaAAaxCQYYTJh8wIi0XQ==
  dependencies:
    "@material/animation" "^14.0.0"
    "@material/base" "^14.0.0"
    "@material/density" "^14.0.0"
    "@material/dom" "^14.0.0"
    "@material/feature-targeting" "^14.0.0"
    "@material/floating-label" "^14.0.0"
    "@material/line-ripple" "^14.0.0"
    "@material/notched-outline" "^14.0.0"
    "@material/ripple" "^14.0.0"
    "@material/rtl" "^14.0.0"
    "@material/shape" "^14.0.0"
    "@material/theme" "^14.0.0"
    "@material/tokens" "^14.0.0"
    "@material/typography" "^14.0.0"
    tslib "^2.1.0"

"@material/theme@^14.0.0":
  version "14.0.0"
  resolved "https://registry.npmmirror.com/@material/theme/-/theme-14.0.0.tgz#cbcd7b2116220c44ef8a89c43b068b29d23456ea"
  integrity sha512-6/SENWNIFuXzeHMPHrYwbsXKgkvCtWuzzQ3cUu4UEt3KcQ5YpViazIM6h8ByYKZP8A9d8QpkJ0WGX5btGDcVoA==
  dependencies:
    "@material/feature-targeting" "^14.0.0"
    tslib "^2.1.0"

"@material/tokens@^14.0.0":
  version "14.0.0"
  resolved "https://registry.npmmirror.com/@material/tokens/-/tokens-14.0.0.tgz#67cdc2530cecda8509867e941249b7d4778400a7"
  integrity sha512-SXgB9VwsKW4DFkHmJfDIS0x0cGdMWC1D06m6z/WQQ5P5j6/m0pKrbHVlrLzXcRjau+mFhXGvj/KyPo9Pp/Rc8Q==
  dependencies:
    "@material/elevation" "^14.0.0"

"@material/touch-target@^14.0.0":
  version "14.0.0"
  resolved "https://registry.npmmirror.com/@material/touch-target/-/touch-target-14.0.0.tgz#66b0b61ff14975946cdbf6fad6627bcbc025423d"
  integrity sha512-o3kvxmS4HkmZoQTvtzLJrqSG+ezYXkyINm3Uiwio1PTg67pDgK5FRwInkz0VNaWPcw9+5jqjUQGjuZMtjQMq8w==
  dependencies:
    "@material/base" "^14.0.0"
    "@material/feature-targeting" "^14.0.0"
    "@material/rtl" "^14.0.0"
    tslib "^2.1.0"

"@material/typography@^14.0.0":
  version "14.0.0"
  resolved "https://registry.npmmirror.com/@material/typography/-/typography-14.0.0.tgz#a13ffc47eaeaa09852f84b7e1206a69b5c9dbc89"
  integrity sha512-/QtHBYiTR+TPMryM/CT386B2WlAQf/Ae32V324Z7P40gHLKY/YBXx7FDutAWZFeOerq/two4Nd2aAHBcMM2wMw==
  dependencies:
    "@material/feature-targeting" "^14.0.0"
    "@material/theme" "^14.0.0"
    tslib "^2.1.0"

"@smui/button@^7.0.0-beta.0":
  version "7.0.0-beta.0"
  resolved "https://registry.npmmirror.com/@smui/button/-/button-7.0.0-beta.0.tgz#6a0ca4aa32baccb895c17c72963ec3ba7190c8cb"
  integrity sha512-RAdrHCvhB/jbhiv4S93eGIO0GKCrhU3CTawqXNUQxvMeo6KFk2uactb6kKT1Q1kFpf4cWhRWz4AGG/VEQHiQDg==
  dependencies:
    "@material/button" "^14.0.0"
    "@material/elevation" "^14.0.0"
    "@material/feature-targeting" "^14.0.0"
    "@material/ripple" "^14.0.0"
    "@material/theme" "^14.0.0"
    "@smui/common" "^7.0.0-beta.0"
    "@smui/ripple" "^7.0.0-beta.0"
    svelte2tsx "^0.5.12"

"@smui/common@^7.0.0-beta.0":
  version "7.0.0-beta.0"
  resolved "https://registry.npmmirror.com/@smui/common/-/common-7.0.0-beta.0.tgz#5c4e6d9ed194be45ca9e9e2dc18a9bf73c4ec130"
  integrity sha512-JFbmbXR/j3NdUPC1Nn28LDH62WVv6AaKQVr4VVmutgBYAkMy+QIQhG/kvFBP4Shr2gG8DLQyXGSK0wHHgiONlw==
  dependencies:
    "@material/dom" "^14.0.0"
    "@tsconfig/svelte" "^3.0.0"
    svelte2tsx "^0.5.12"

"@smui/dialog@^7.0.0-beta.0":
  version "7.0.0-beta.0"
  resolved "https://registry.npmmirror.com/@smui/dialog/-/dialog-7.0.0-beta.0.tgz#dc34e475a21ed5cbb9af169757f8f8832c73df74"
  integrity sha512-kLufkVO7WRKI+l9jAFY4+7i/vdOlAhQ9r6V6438ssZ08J9uf/TMz0AIYJV2qDBV/LiXmrdVrp+aa3ihAv9MaTA==
  dependencies:
    "@material/button" "^14.0.0"
    "@material/dialog" "^14.0.0"
    "@material/dom" "^14.0.0"
    "@smui/common" "^7.0.0-beta.0"
    svelte2tsx "^0.5.12"

"@smui/fab@^7.0.0-beta.0":
  version "7.0.0-beta.0"
  resolved "https://registry.npmmirror.com/@smui/fab/-/fab-7.0.0-beta.0.tgz#865309a3919b81ca748e64f27d10bfbedc192c44"
  integrity sha512-meFRZzyLqB7YxdNFSeKKtI/Z2AQdnXB23y4lzhaJRhiempvzFkETOOFbw8IcFmTAi5WvSzFrM3dm4f6qrn/8mw==
  dependencies:
    "@material/fab" "^14.0.0"
    "@material/feature-targeting" "^14.0.0"
    "@smui/common" "^7.0.0-beta.0"
    "@smui/ripple" "^7.0.0-beta.0"
    svelte2tsx "^0.5.12"

"@smui/floating-label@^7.0.0-beta.0":
  version "7.0.0-beta.0"
  resolved "https://registry.npmmirror.com/@smui/floating-label/-/floating-label-7.0.0-beta.0.tgz#aedc947346ae8bf3c1afd29bdf1ccc0fb75a9e51"
  integrity sha512-4MYgkcMu0Ya+7ZxdP+2sWqmrIj6w7xlUrNBXrTF6Ae6RZGXuCl9guhPwIpJvRClZrEtai5OMMXvyATVZg19mhA==
  dependencies:
    "@material/floating-label" "^14.0.0"
    "@smui/common" "^7.0.0-beta.0"
    svelte2tsx "^0.5.12"

"@smui/icon-button@^7.0.0-beta.0":
  version "7.0.0-beta.0"
  resolved "https://registry.npmmirror.com/@smui/icon-button/-/icon-button-7.0.0-beta.0.tgz#78a5b59aef8987cb7c601d238cbf3d46b96f8dc4"
  integrity sha512-XBcZwcRh3VmOXbKsR9dv32gBZmvTCNQc+T/XhF3PDQRjGvE4q2VW8ZByB0IB47xpmWqJvfPb32DhJuR+Iffncg==
  dependencies:
    "@material/density" "^14.0.0"
    "@material/icon-button" "^14.0.0"
    "@smui/common" "^7.0.0-beta.0"
    "@smui/ripple" "^7.0.0-beta.0"
    svelte2tsx "^0.5.12"

"@smui/line-ripple@^7.0.0-beta.0":
  version "7.0.0-beta.0"
  resolved "https://registry.npmmirror.com/@smui/line-ripple/-/line-ripple-7.0.0-beta.0.tgz#2a2715b37dda7fdbac78bdc0c3cbd7f9be4dcf14"
  integrity sha512-UTwWAoSImeHQ9bsEkUTWrCZjJuPqgaKtz3FQfCETW2An/Liat36YpU0iODY6Y4TsVCaXWCJCkA2gf/VbIdrWUw==
  dependencies:
    "@material/line-ripple" "^14.0.0"
    "@smui/common" "^7.0.0-beta.0"
    svelte2tsx "^0.5.12"

"@smui/notched-outline@^7.0.0-beta.0":
  version "7.0.0-beta.0"
  resolved "https://registry.npmmirror.com/@smui/notched-outline/-/notched-outline-7.0.0-beta.0.tgz#dbeef14d640c783a004aeb690e97b22c5787ae32"
  integrity sha512-c5Xu8D9j7xuAWiwehDetATxE4l3gl9GARk89Ea2+EZcJIy3OzuLY+mCCmFpBuuNQwHs/RtHd7vDOI2bbqXep0g==
  dependencies:
    "@material/notched-outline" "^14.0.0"
    "@smui/common" "^7.0.0-beta.0"
    "@smui/floating-label" "^7.0.0-beta.0"
    svelte2tsx "^0.5.12"

"@smui/radio@^7.0.0-beta.0":
  version "7.0.0-beta.0"
  resolved "https://registry.npmmirror.com/@smui/radio/-/radio-7.0.0-beta.0.tgz#e89ce2948df09aaea8d9c740a3da3aa7b8447642"
  integrity sha512-FKbONSc53zDgWEM5YfT32NGMhuYKVUyeCB5Aj1LFXtvey6cp9tVnDEL1Y1rPjTp90F2f6r6mjOAmJrPY6J4vEw==
  dependencies:
    "@material/radio" "^14.0.0"
    "@smui/common" "^7.0.0-beta.0"
    "@smui/ripple" "^7.0.0-beta.0"
    svelte2tsx "^0.5.12"

"@smui/ripple@^7.0.0-beta.0":
  version "7.0.0-beta.0"
  resolved "https://registry.npmmirror.com/@smui/ripple/-/ripple-7.0.0-beta.0.tgz#044576e627f2f8e7eb52d7f2731052c06d0f3822"
  integrity sha512-2G9ILzcNAWeL8NgqW4tuBJXuh0gfGj01CtlGeRUSUNG5AxM3zLECrTEEqKdX25wtJf+QxBqV1Zi3ZqFDm3lzDg==
  dependencies:
    "@material/dom" "^14.0.0"
    "@material/ripple" "^14.0.0"
    "@smui/common" "^7.0.0-beta.0"
    svelte2tsx "^0.5.12"

"@smui/snackbar@^7.0.0-beta.0":
  version "7.0.0-beta.0"
  resolved "https://registry.npmmirror.com/@smui/snackbar/-/snackbar-7.0.0-beta.0.tgz#48f12c81ecb111e480e579e63f0a55b34c3f4297"
  integrity sha512-01DFF3ggnU7O3ispu2WvcI8MLXmP82Oplzex5cOdNDat/xzU4fn++1fw3CcuNGZ4NSm3eb3HqDkSSkN39mQQ6w==
  dependencies:
    "@material/dom" "^14.0.0"
    "@material/feature-targeting" "^14.0.0"
    "@material/snackbar" "^14.0.0"
    "@smui/button" "^7.0.0-beta.0"
    "@smui/common" "^7.0.0-beta.0"
    "@smui/icon-button" "^7.0.0-beta.0"
    "@smui/ripple" "^7.0.0-beta.0"
    svelte2tsx "^0.5.12"

"@smui/textfield@^7.0.0-beta.0":
  version "7.0.0-beta.0"
  resolved "https://registry.npmmirror.com/@smui/textfield/-/textfield-7.0.0-beta.0.tgz#dc93a957738344db7177de3b97c3ae9cf68a43b9"
  integrity sha512-4GPtEuwUq+i2Nbslea04PxwHKBs6r6q/w/5wI6SsL2SRQoyNWS6mWi5Pt8keGguqeEVj21Yci5wTbQj/cyazgQ==
  dependencies:
    "@material/dom" "^14.0.0"
    "@material/feature-targeting" "^14.0.0"
    "@material/ripple" "^14.0.0"
    "@material/rtl" "^14.0.0"
    "@material/textfield" "^14.0.0"
    "@smui/common" "^7.0.0-beta.0"
    "@smui/floating-label" "^7.0.0-beta.0"
    "@smui/line-ripple" "^7.0.0-beta.0"
    "@smui/notched-outline" "^7.0.0-beta.0"
    "@smui/ripple" "^7.0.0-beta.0"
    svelte2tsx "^0.5.12"

"@sveltejs/vite-plugin-svelte@^2.0.2":
  version "2.0.2"
  resolved "https://registry.npmmirror.com/@sveltejs/vite-plugin-svelte/-/vite-plugin-svelte-2.0.2.tgz#943090239a31b2e0546837ff7649b73aeb46614c"
  integrity sha512-xCEan0/NNpQuL0l5aS42FjwQ6wwskdxC3pW1OeFtEKNZwRg7Evro9lac9HesGP6TdFsTv2xMes5ASQVKbCacxg==
  dependencies:
    debug "^4.3.4"
    deepmerge "^4.2.2"
    kleur "^4.1.5"
    magic-string "^0.27.0"
    svelte-hmr "^0.15.1"
    vitefu "^0.2.3"

"@tsconfig/svelte@^3.0.0":
  version "3.0.0"
  resolved "https://registry.npmmirror.com/@tsconfig/svelte/-/svelte-3.0.0.tgz#b06e059209f04c414de0069f2f0e2796d979fc6f"
  integrity sha512-pYrtLtOwku/7r1i9AMONsJMVYAtk3hzOfiGNekhtq5tYBGA7unMve8RvUclKLMT3PrihvJqUmzsRGh0RP84hKg==

debug@^4.3.4:
  version "4.3.4"
  resolved "https://registry.npmmirror.com/debug/-/debug-4.3.4.tgz#1319f6579357f2338d3337d2cdd4914bb5dcc865"
  integrity sha512-PRWFHuSU3eDtQJPvnNY7Jcket1j0t5OuOsFzPPzsekD52Zl8qUfFIPEiswXqIvHWGVHOgX+7G/vCNNhehwxfkQ==
  dependencies:
    ms "2.1.2"

dedent-js@^1.0.1:
  version "1.0.1"
  resolved "https://registry.npmmirror.com/dedent-js/-/dedent-js-1.0.1.tgz#bee5fb7c9e727d85dffa24590d10ec1ab1255305"
  integrity sha512-OUepMozQULMLUmhxS95Vudo0jb0UchLimi3+pQ2plj61Fcy8axbP9hbiD4Sz6DPqn6XG3kfmziVfQ1rSys5AJQ==

deepmerge@^4.2.2:
  version "4.3.0"
  resolved "https://registry.npmmirror.com/deepmerge/-/deepmerge-4.3.0.tgz#65491893ec47756d44719ae520e0e2609233b59b"
  integrity sha512-z2wJZXrmeHdvYJp/Ux55wIjqo81G5Bp4c+oELTW+7ar6SogWHajt5a9gO3s3IDaGSAXjDk0vlQKN3rms8ab3og==

esbuild@^0.16.14:
  version "0.16.17"
  resolved "https://registry.npmmirror.com/esbuild/-/esbuild-0.16.17.tgz#fc2c3914c57ee750635fee71b89f615f25065259"
  integrity sha512-G8LEkV0XzDMNwXKgM0Jwu3nY3lSTwSGY6XbxM9cr9+s0T/qSV1q1JVPBGzm3dcjhCic9+emZDmMffkwgPeOeLg==
  optionalDependencies:
    "@esbuild/android-arm" "0.16.17"
    "@esbuild/android-arm64" "0.16.17"
    "@esbuild/android-x64" "0.16.17"
    "@esbuild/darwin-arm64" "0.16.17"
    "@esbuild/darwin-x64" "0.16.17"
    "@esbuild/freebsd-arm64" "0.16.17"
    "@esbuild/freebsd-x64" "0.16.17"
    "@esbuild/linux-arm" "0.16.17"
    "@esbuild/linux-arm64" "0.16.17"
    "@esbuild/linux-ia32" "0.16.17"
    "@esbuild/linux-loong64" "0.16.17"
    "@esbuild/linux-mips64el" "0.16.17"
    "@esbuild/linux-ppc64" "0.16.17"
    "@esbuild/linux-riscv64" "0.16.17"
    "@esbuild/linux-s390x" "0.16.17"
    "@esbuild/linux-x64" "0.16.17"
    "@esbuild/netbsd-x64" "0.16.17"
    "@esbuild/openbsd-x64" "0.16.17"
    "@esbuild/sunos-x64" "0.16.17"
    "@esbuild/win32-arm64" "0.16.17"
    "@esbuild/win32-ia32" "0.16.17"
    "@esbuild/win32-x64" "0.16.17"

fsevents@~2.3.2:
  version "2.3.2"
  resolved "https://registry.npmmirror.com/fsevents/-/fsevents-2.3.2.tgz#8a526f78b8fdf4623b709e0b975c52c24c02fd1a"
  integrity sha512-xiqMQR4xAeHTuB9uWm+fFRcIOgKBMiOBP+eXiyT7jsgVCq1bkVygt00oASowB7EdtpOHaaPgKt812P9ab+DDKA==

function-bind@^1.1.1:
  version "1.1.1"
  resolved "https://registry.npmmirror.com/function-bind/-/function-bind-1.1.1.tgz#a56899d3ea3c9bab874bb9773b7c5ede92f4895d"
  integrity sha512-yIovAzMX49sF8Yl58fSCWJ5svSLuaibPxXQJFLmBObTuCr0Mf1KiPopGM9NiFjiYBCbfaa2Fh6breQ6ANVTI0A==

has@^1.0.3:
  version "1.0.3"
  resolved "https://registry.npmmirror.com/has/-/has-1.0.3.tgz#722d7cbfc1f6aa8241f16dd814e011e1f41e8796"
  integrity sha512-f2dvO0VU6Oej7RkWJGrehjbzMAjFp5/VKPp5tTpWIV4JHHZK1/BxbFRtf/siA2SWTe09caDmVtYYzWEIbBS4zw==
  dependencies:
    function-bind "^1.1.1"

is-core-module@^2.9.0:
  version "2.11.0"
  resolved "https://registry.npmmirror.com/is-core-module/-/is-core-module-2.11.0.tgz#ad4cb3e3863e814523c96f3f58d26cc570ff0144"
  integrity sha512-RRjxlvLDkD1YJwDbroBHMb+cukurkDWNyHx7D3oNB5x9rb5ogcksMC5wHCadcXoo67gVr/+3GFySh3134zi6rw==
  dependencies:
    has "^1.0.3"

kleur@^4.1.5:
  version "4.1.5"
  resolved "https://registry.npmmirror.com/kleur/-/kleur-4.1.5.tgz#95106101795f7050c6c650f350c683febddb1780"
  integrity sha512-o+NO+8WrRiQEE4/7nwRJhN1HWpVmJm511pBHUxPLtp0BUISzlBplORYSmTclCnJvQq2tKu/sgl3xVpkc7ZWuQQ==

lower-case@^2.0.2:
  version "2.0.2"
  resolved "https://registry.npmmirror.com/lower-case/-/lower-case-2.0.2.tgz#6fa237c63dbdc4a82ca0fd882e4722dc5e634e28"
  integrity sha512-7fm3l3NAF9WfN6W3JOmf5drwpVqX78JtoGJ3A6W0a6ZnldM41w2fV5D490psKFTpMds8TJse/eHLFFsNHHjHgg==
  dependencies:
    tslib "^2.0.3"

magic-string@^0.27.0:
  version "0.27.0"
  resolved "https://registry.npmmirror.com/magic-string/-/magic-string-0.27.0.tgz#e4a3413b4bab6d98d2becffd48b4a257effdbbf3"
  integrity sha512-8UnnX2PeRAPZuN12svgR9j7M1uWMovg/CEnIwIG0LFkXSJJe4PdfUGiTGl8V9bsBHFUtfVINcSyYxd7q+kx9fA==
  dependencies:
    "@jridgewell/sourcemap-codec" "^1.4.13"

ms@2.1.2:
  version "2.1.2"
  resolved "https://registry.npmmirror.com/ms/-/ms-2.1.2.tgz#d09d1f357b443f493382a8eb3ccd183872ae6009"
  integrity sha512-sGkPx+VjMtmA6MX27oA4FBFELFCZZ4S4XqeGOXCv68tT+jb3vk/RyaKWP0PTKyWtmLSM0b+adUTEvbs1PEaH2w==

nanoid@^3.3.4:
  version "3.3.4"
  resolved "https://registry.npmmirror.com/nanoid/-/nanoid-3.3.4.tgz#730b67e3cd09e2deacf03c027c81c9d9dbc5e8ab"
  integrity sha512-MqBkQh/OHTS2egovRtLk45wEyNXwF+cokD+1YPf9u5VfJiRdAiRwB2froX5Co9Rh20xs4siNPm8naNotSD6RBw==

no-case@^3.0.4:
  version "3.0.4"
  resolved "https://registry.npmmirror.com/no-case/-/no-case-3.0.4.tgz#d361fd5c9800f558551a8369fc0dcd4662b6124d"
  integrity sha512-fgAN3jGAh+RoxUGZHTSOLJIqUc2wmoBwGR4tbpNAKmmovFoWq0OdRkb0VkldReO2a2iBT/OEulG9XSUc10r3zg==
  dependencies:
    lower-case "^2.0.2"
    tslib "^2.0.3"

pascal-case@^3.1.1:
  version "3.1.2"
  resolved "https://registry.npmmirror.com/pascal-case/-/pascal-case-3.1.2.tgz#b48e0ef2b98e205e7c1dae747d0b1508237660eb"
  integrity sha512-uWlGT3YSnK9x3BQJaOdcZwrnV6hPpd8jFH1/ucpiLRPh/2zCVJKS19E4GvYHvaCcACn3foXZ0cLB9Wrx1KGe5g==
  dependencies:
    no-case "^3.0.4"
    tslib "^2.0.3"

path-parse@^1.0.7:
  version "1.0.7"
  resolved "https://registry.npmmirror.com/path-parse/-/path-parse-1.0.7.tgz#fbc114b60ca42b30d9daf5858e4bd68bbedb6735"
  integrity sha512-LDJzPVEEEPR+y48z93A0Ed0yXb8pAByGWo/k5YYdYgpY2/2EsOsksJrq7lOHxryrVOn1ejG6oAp8ahvOIQD8sw==

picocolors@^1.0.0:
  version "1.0.0"
  resolved "https://registry.npmmirror.com/picocolors/-/picocolors-1.0.0.tgz#cb5bdc74ff3f51892236eaf79d68bc44564ab81c"
  integrity sha512-1fygroTLlHu66zi26VoTDv8yRgm0Fccecssto+MhsZ0D/DGW2sm8E8AjW7NU5VVTRt5GxbeZ5qBuJr+HyLYkjQ==

postcss@^8.4.21:
  version "8.4.21"
  resolved "https://registry.npmmirror.com/postcss/-/postcss-8.4.21.tgz#c639b719a57efc3187b13a1d765675485f4134f4"
  integrity sha512-tP7u/Sn/dVxK2NnruI4H9BG+x+Wxz6oeZ1cJ8P6G/PZY0IKk4k/63TDsQf2kQq3+qoJeLm2kIBUNlZe3zgb4Zg==
  dependencies:
    nanoid "^3.3.4"
    picocolors "^1.0.0"
    source-map-js "^1.0.2"

resolve@^1.22.1:
  version "1.22.1"
  resolved "https://registry.npmmirror.com/resolve/-/resolve-1.22.1.tgz#27cb2ebb53f91abb49470a928bba7558066ac177"
  integrity sha512-nBpuuYuY5jFsli/JIs1oldw6fOQCBioohqWZg/2hiaOybXOft4lonv85uDOKXdf8rhyK159cxU5cDcK/NKk8zw==
  dependencies:
    is-core-module "^2.9.0"
    path-parse "^1.0.7"
    supports-preserve-symlinks-flag "^1.0.0"

rollup@^3.10.0:
  version "3.14.0"
  resolved "https://registry.npmmirror.com/rollup/-/rollup-3.14.0.tgz#f5925255f3b6e8de1dba3916d7619c7da5708d95"
  integrity sha512-o23sdgCLcLSe3zIplT9nQ1+r97okuaiR+vmAPZPTDYB7/f3tgWIYNyiQveMsZwshBT0is4eGax/HH83Q7CG+/Q==
  optionalDependencies:
    fsevents "~2.3.2"

source-map-js@^1.0.2:
  version "1.0.2"
  resolved "https://registry.npmmirror.com/source-map-js/-/source-map-js-1.0.2.tgz#adbc361d9c62df380125e7f161f71c826f1e490c"
  integrity sha512-R0XvVJ9WusLiqTCEiGCmICCMplcCkIwwR11mOSD9CR5u+IXYdiseeEuXCVAjS54zqwkLcPNnmU4OeJ6tUrWhDw==

supports-preserve-symlinks-flag@^1.0.0:
  version "1.0.0"
  resolved "https://registry.npmmirror.com/supports-preserve-symlinks-flag/-/supports-preserve-symlinks-flag-1.0.0.tgz#6eda4bd344a3c94aea376d4cc31bc77311039e09"
  integrity sha512-ot0WnXS9fgdkgIcePe6RHNk1WA8+muPa6cSjeR3V8K27q9BB1rTE3R1p7Hv0z1ZyAc8s6Vvv8DIyWf681MAt0w==

svelte-hmr@^0.15.1:
  version "0.15.1"
  resolved "https://registry.npmmirror.com/svelte-hmr/-/svelte-hmr-0.15.1.tgz#d11d878a0bbb12ec1cba030f580cd2049f4ec86b"
  integrity sha512-BiKB4RZ8YSwRKCNVdNxK/GfY+r4Kjgp9jCLEy0DuqAKfmQtpL38cQK3afdpjw4sqSs4PLi3jIPJIFp259NkZtA==

svelte2tsx@^0.5.12:
  version "0.5.23"
  resolved "https://registry.npmmirror.com/svelte2tsx/-/svelte2tsx-0.5.23.tgz#e20c464b3250f97902994d3784a57e87ca86a849"
  integrity sha512-jYFnugTQRFmUpvLXPQrKzVYcW5ErT+0QCxg027Zx9BuvYefMZFuoBSTDYe7viPEFGrPPiLgT2m7f5n9khE7f7Q==
  dependencies:
    dedent-js "^1.0.1"
    pascal-case "^3.1.1"

svelte@^3.55.1:
  version "3.55.1"
  resolved "https://registry.npmmirror.com/svelte/-/svelte-3.55.1.tgz#6f93b153e5248039906ce5fe196efdb9e05dfce8"
  integrity sha512-S+87/P0Ve67HxKkEV23iCdAh/SX1xiSfjF1HOglno/YTbSTW7RniICMCofWGdJJbdjw3S+0PfFb1JtGfTXE0oQ==

tslib@^2.0.3, tslib@^2.1.0:
  version "2.5.0"
  resolved "https://registry.npmmirror.com/tslib/-/tslib-2.5.0.tgz#42bfed86f5787aeb41d031866c8f402429e0fddf"
  integrity sha512-336iVw3rtn2BUK7ORdIAHTyxHGRIHVReokCR3XjbckJMK7ms8FysBfhLR8IXnAgy7T0PTPNBWKiH514FOW/WSg==

vite@^4.1.0:
  version "4.1.1"
  resolved "https://registry.npmmirror.com/vite/-/vite-4.1.1.tgz#3b18b81a4e85ce3df5cbdbf4c687d93ebf402e6b"
  integrity sha512-LM9WWea8vsxhr782r9ntg+bhSFS06FJgCvvB0+8hf8UWtvaiDagKYWXndjfX6kGl74keHJUcpzrQliDXZlF5yg==
  dependencies:
    esbuild "^0.16.14"
    postcss "^8.4.21"
    resolve "^1.22.1"
    rollup "^3.10.0"
  optionalDependencies:
    fsevents "~2.3.2"

vitefu@^0.2.3:
  version "0.2.4"
  resolved "https://registry.npmmirror.com/vitefu/-/vitefu-0.2.4.tgz#212dc1a9d0254afe65e579351bed4e25d81e0b35"
  integrity sha512-fanAXjSaf9xXtOOeno8wZXIhgia+CZury481LsDaV++lSvcU2R9Ch2bPh3PYFyoHW+w9LqAeYRISVQjUIew14g==
